
Microsoft Visual Studio Solution File, Format Version 12.00
# Visual Studio Version 17
VisualStudioVersion = 17.7.34024.191
MinimumVisualStudioVersion = 10.0.40219.1
Project("{FAE04EC0-301F-11D3-BF4B-00C04F79EFBC}") = "WinFormsApp4", "WinFormsApp4\WinFormsApp4.csproj", "{8EBAC158-FB94-4957-A94F-E32BBF0A7A82}"
EndProject
Global
	GlobalSection(SolutionConfigurationPlatforms) = preSolution
		Debug|Any CPU = Debug|Any CPU
		Release|Any CPU = Release|Any CPU
	EndGlobalSection
	GlobalSection(ProjectConfigurationPlatforms) = postSolution
		{8EBAC158-FB94-4957-A94F-E32BBF0A7A82}.Debug|Any CPU.ActiveCfg = Debug|Any CPU
		{8EBAC158-FB94-4957-A94F-E32BBF0A7A82}.Debug|Any CPU.Build.0 = Debug|Any CPU
		{8EBAC158-FB94-4957-A94F-E32BBF0A7A82}.Release|Any CPU.ActiveCfg = Release|Any CPU
		{8EBAC158-FB94-4957-A94F-E32BBF0A7A82}.Release|Any CPU.Build.0 = Release|Any CPU
	EndGlobalSection
	GlobalSection(SolutionProperties) = preSolution
		HideSolutionNode = FALSE
	EndGlobalSection
	GlobalSection(ExtensibilityGlobals) = postSolution
		SolutionGuid = {65AFD740-75C1-4A51-BC07-1FA7C631FA37}
	EndGlobalSection
EndGlobal
